
Microsoft Visual Studio Solution File, Format Version 12.00
# Visual Studio Version 17
VisualStudioVersion = 17.4.33122.133
MinimumVisualStudioVersion = 10.0.40219.1
Project("{FAE04EC0-301F-11D3-BF4B-00C04F79EFBC}") = "Dapper.API", "Dapper.API\Dapper.API.csproj", "{4CE78117-1AC0-4B31-A70C-45C04BF1956F}"
EndProject
Global
	GlobalSection(SolutionConfigurationPlatforms) = preSolution
		Debug|Any CPU = Debug|Any CPU
		Release|Any CPU = Release|Any CPU
	EndGlobalSection
	GlobalSection(ProjectConfigurationPlatforms) = postSolution
		{4CE78117-1AC0-4B31-A70C-45C04BF1956F}.Debug|Any CPU.ActiveCfg = Debug|Any CPU
		{4CE78117-1AC0-4B31-A70C-45C04BF1956F}.Debug|Any CPU.Build.0 = Debug|Any CPU
		{4CE78117-1AC0-4B31-A70C-45C04BF1956F}.Release|Any CPU.ActiveCfg = Release|Any CPU
		{4CE78117-1AC0-4B31-A70C-45C04BF1956F}.Release|Any CPU.Build.0 = Release|Any CPU
	EndGlobalSection
	GlobalSection(SolutionProperties) = preSolution
		HideSolutionNode = FALSE
	EndGlobalSection
	GlobalSection(ExtensibilityGlobals) = postSolution
		SolutionGuid = {FD294FE7-3F22-465C-AB6A-3E1CD918A8F4}
	EndGlobalSection
EndGlobal
